
Microsoft Visual Studio Solution File, Format Version 12.00
# Visual Studio Version 16
VisualStudioVersion = 16.0.32929.386
MinimumVisualStudioVersion = 10.0.40219.1
Project("{8BC9CEB8-8B4A-11D0-8D11-00A0C91BC942}") = "Chapter01_01", "Chapter01_01\Chapter01_01.vcxproj", "{91AFE6D8-9937-4F76-902A-7EABC756B9CD}"
EndProject
Project("{8BC9CEB8-8B4A-11D0-8D11-00A0C91BC942}") = "Chapter01_02", "Chapter01_02\Chapter01_02.vcxproj", "{DAAFEFDE-E9E5-4AC7-A700-25844666217B}"
EndProject
Project("{8BC9CEB8-8B4A-11D0-8D11-00A0C91BC942}") = "Chapter01_03", "Chapter01_03\Chapter01_03.vcxproj", "{274716B1-EDB2-460D-88BF-F0FB6ED8FD25}"
EndProject
Project("{8BC9CEB8-8B4A-11D0-8D11-00A0C91BC942}") = "Chapter01_04", "Chapter01_04\Chapter01_04.vcxproj", "{8CC6D638-40B7-46F9-AB05-8A5DCF11DD7B}"
EndProject
Project("{8BC9CEB8-8B4A-11D0-8D11-00A0C91BC942}") = "Chapter01_05", "Chapter01_05\Chapter01_05.vcxproj", "{7E1BB3EC-0FFC-42C7-ABD2-3B6751FE693D}"
EndProject
Project("{8BC9CEB8-8B4A-11D0-8D11-00A0C91BC942}") = "Chapter01_06", "Chapter01_06\Chapter01_06.vcxproj", "{5F14866F-0F62-43B1-83C1-3F2A33D029BC}"
EndProject
Project("{8BC9CEB8-8B4A-11D0-8D11-00A0C91BC942}") = "Chapter01_07", "Chapter01_07\Chapter01_07.vcxproj", "{67E3DE34-4997-4A7A-858B-C1BFF00DE806}"
EndProject
Project("{8BC9CEB8-8B4A-11D0-8D11-00A0C91BC942}") = "Chapter01_08", "Chapter01_08\Chapter01_08.vcxproj", "{7D7420F6-C3E4-47DC-BF26-45A29A0A8861}"
EndProject
Project("{8BC9CEB8-8B4A-11D0-8D11-00A0C91BC942}") = "Chapter01_09", "Chapter01_09\Chapter01_09.vcxproj", "{C1A8F8D0-3E90-434B-987E-8CB47BB8FB04}"
EndProject
Project("{8BC9CEB8-8B4A-11D0-8D11-00A0C91BC942}") = "Chapter01_10", "Chapter01_10\Chapter01_10.vcxproj", "{6820BAF3-E95D-4BCE-90E7-17789CCB75C0}"
EndProject
Project("{8BC9CEB8-8B4A-11D0-8D11-00A0C91BC942}") = "Chapter01_11", "Chapter01_11\Chapter01_11.vcxproj", "{94BD8AF9-AF6E-430A-8BC3-5E3BCC6ECF35}"
EndProject
Project("{8BC9CEB8-8B4A-11D0-8D11-00A0C91BC942}") = "Chapter01_12", "Chapter01_12\Chapter01_12.vcxproj", "{3BC6EE3D-5508-4F42-8DC8-8A3F89862039}"
EndProject
Project("{8BC9CEB8-8B4A-11D0-8D11-00A0C91BC942}") = "Chapter01_13", "Chapter01_13\Chapter01_13.vcxproj", "{837FF4BD-636E-4B26-849A-CD7DDEAFA0C3}"
EndProject
Project("{8BC9CEB8-8B4A-11D0-8D11-00A0C91BC942}") = "Chapter01_14", "Chapter01_14\Chapter01_14.vcxproj", "{41C78958-6EFB-42DD-9242-D5D6D8B368D8}"
EndProject
Project("{8BC9CEB8-8B4A-11D0-8D11-00A0C91BC942}") = "Chapter02_01", "Chapter02_01\Chapter02_01.vcxproj", "{5BB2145A-AF39-4725-A416-60D840AA5182}"
EndProject
Project("{8BC9CEB8-8B4A-11D0-8D11-00A0C91BC942}") = "Chapter02_02", "Chapter02_02\Chapter02_02.vcxproj", "{CBD7A354-6941-4D9A-9683-2C971FBA9505}"
EndProject
Project("{8BC9CEB8-8B4A-11D0-8D11-00A0C91BC942}") = "Chapter02_03", "Chapter02_03\Chapter02_03.vcxproj", "{292B4DC2-DE59-4CE8-8BFF-B9A88326C216}"
EndProject
Project("{8BC9CEB8-8B4A-11D0-8D11-00A0C91BC942}") = "Chapter02_04", "Chapter02_04\Chapter02_04.vcxproj", "{944F1A0B-B1ED-49EE-A31D-616DBCEDD4E9}"
EndProject
Project("{8BC9CEB8-8B4A-11D0-8D11-00A0C91BC942}") = "Chapter02_05", "Chapter02_05\Chapter02_05.vcxproj", "{C729D83B-E8F1-4589-838C-DF9280D24A28}"
EndProject
Project("{8BC9CEB8-8B4A-11D0-8D11-00A0C91BC942}") = "Chapter02_06", "Chapter02_06\Chapter02_06.vcxproj", "{C15DCF7D-B455-414B-BD3A-33D3C4B09D6B}"
EndProject
Project("{8BC9CEB8-8B4A-11D0-8D11-00A0C91BC942}") = "Chapter02_07", "Chapter02_07\Chapter02_07.vcxproj", "{27FB36CC-1118-4B5C-BDFE-D684F2A5D3C6}"
EndProject
Project("{8BC9CEB8-8B4A-11D0-8D11-00A0C91BC942}") = "Chapter02_08", "Chapter02_08\Chapter02_08.vcxproj", "{00F3C1D7-F1A4-49EC-9BF5-BBF5A5A4203E}"
EndProject
Project("{8BC9CEB8-8B4A-11D0-8D11-00A0C91BC942}") = "Chapter02_09", "Chapter02_09\Chapter02_09.vcxproj", "{48393F25-4934-4EB1-B4F3-214140275EAA}"
EndProject
Project("{8BC9CEB8-8B4A-11D0-8D11-00A0C91BC942}") = "Chapter03_01", "Chapter03_01\Chapter03_01.vcxproj", "{F0A12929-B9C5-4663-B6A5-475D0EC620A3}"
EndProject
Project("{8BC9CEB8-8B4A-11D0-8D11-00A0C91BC942}") = "Chapter03_02", "Chapter03_02\Chapter03_02.vcxproj", "{198F4661-994C-4890-B3A1-5921F2206C31}"
EndProject
Project("{8BC9CEB8-8B4A-11D0-8D11-00A0C91BC942}") = "Chapter03_03", "Chapter03_03\Chapter03_03.vcxproj", "{814F48DD-D408-4FD3-A9BB-C3BCCF5EDC82}"
EndProject
Project("{8BC9CEB8-8B4A-11D0-8D11-00A0C91BC942}") = "Chapter03_04", "Chapter03_04\Chapter03_04.vcxproj", "{35E7B6DF-29F3-4866-B68A-B74B48C5787F}"
EndProject
Project("{8BC9CEB8-8B4A-11D0-8D11-00A0C91BC942}") = "Chapter03_05", "Chapter03_05\Chapter03_05.vcxproj", "{A86A6223-39DA-452D-BCB9-448A7C65CEDE}"
EndProject
Project("{8BC9CEB8-8B4A-11D0-8D11-00A0C91BC942}") = "Chapter03_06", "Chapter03_06\Chapter03_06.vcxproj", "{D52BB561-FAF5-4660-AF66-0140DC1445E9}"
EndProject
Project("{8BC9CEB8-8B4A-11D0-8D11-00A0C91BC942}") = "Chapter03_07", "Chapter03_07\Chapter03_07.vcxproj", "{410C8FF4-8E5E-4C09-A726-849E132CB13D}"
EndProject
Project("{8BC9CEB8-8B4A-11D0-8D11-00A0C91BC942}") = "Chapter03_08", "Chapter03_08\Chapter03_08.vcxproj", "{F74AC8C3-DB5B-45B5-AC37-F3E77336693D}"
EndProject
Project("{8BC9CEB8-8B4A-11D0-8D11-00A0C91BC942}") = "Chapter03_09", "Chapter03_09\Chapter03_09.vcxproj", "{59E7CD8B-5876-4C60-AEA9-33543D85ECF8}"
EndProject
Project("{8BC9CEB8-8B4A-11D0-8D11-00A0C91BC942}") = "Chapter04_01", "Chapter04_01\Chapter04_01.vcxproj", "{99BC0FCB-8EBC-4956-A390-333EF870AE30}"
EndProject
Project("{8BC9CEB8-8B4A-11D0-8D11-00A0C91BC942}") = "Chapter04_02", "Chapter04_02\Chapter04_02.vcxproj", "{1779E5A4-092D-46C4-BFD3-B180BE240CE8}"
EndProject
Project("{8BC9CEB8-8B4A-11D0-8D11-00A0C91BC942}") = "Chapter04_03", "Chapter04_03\Chapter04_03.vcxproj", "{3E2A1F0D-8EB1-46F9-88EC-0D050C041ED7}"
EndProject
Project("{8BC9CEB8-8B4A-11D0-8D11-00A0C91BC942}") = "Chapter04_04", "Chapter04_04\Chapter04_04.vcxproj", "{3E35D3F3-3A43-403E-A5F1-E66C2431EEF9}"
EndProject
Project("{8BC9CEB8-8B4A-11D0-8D11-00A0C91BC942}") = "Chapter04_05", "Chapter04_05\Chapter04_05.vcxproj", "{E2F28A29-5FEB-41A3-8722-11E434BC7317}"
EndProject
Project("{8BC9CEB8-8B4A-11D0-8D11-00A0C91BC942}") = "Chapter04_06", "Chapter04_06\Chapter04_06.vcxproj", "{1F1FC8D8-1753-4FC9-A393-86C3F965952F}"
EndProject
Project("{8BC9CEB8-8B4A-11D0-8D11-00A0C91BC942}") = "Chapter04_07", "Chapter04_07\Chapter04_07.vcxproj", "{A64BE60F-7E4C-4291-B8AF-4EEF802A224A}"
EndProject
Project("{8BC9CEB8-8B4A-11D0-8D11-00A0C91BC942}") = "Chapter04_08", "Chapter04_08\Chapter04_08.vcxproj", "{5B5B17E7-425E-459D-91DE-ACF035ED9610}"
EndProject
Project("{8BC9CEB8-8B4A-11D0-8D11-00A0C91BC942}") = "Chapter04_09", "Chapter04_09\Chapter04_09.vcxproj", "{7E7D681B-6001-4655-AAD6-B4A2050CF0A3}"
EndProject
Project("{8BC9CEB8-8B4A-11D0-8D11-00A0C91BC942}") = "Chapter04_10", "Chapter04_10\Chapter04_10.vcxproj", "{4ABF24DF-F4B3-4572-9A9D-E29484510598}"
EndProject
Global
	GlobalSection(SolutionConfigurationPlatforms) = preSolution
		Debug|x64 = Debug|x64
		Debug|x86 = Debug|x86
		Release|x64 = Release|x64
		Release|x86 = Release|x86
	EndGlobalSection
	GlobalSection(ProjectConfigurationPlatforms) = postSolution
		{91AFE6D8-9937-4F76-902A-7EABC756B9CD}.Debug|x64.ActiveCfg = Debug|x64
		{91AFE6D8-9937-4F76-902A-7EABC756B9CD}.Debug|x64.Build.0 = Debug|x64
		{91AFE6D8-9937-4F76-902A-7EABC756B9CD}.Debug|x86.ActiveCfg = Debug|Win32
		{91AFE6D8-9937-4F76-902A-7EABC756B9CD}.Debug|x86.Build.0 = Debug|Win32
		{91AFE6D8-9937-4F76-902A-7EABC756B9CD}.Release|x64.ActiveCfg = Release|x64
		{91AFE6D8-9937-4F76-902A-7EABC756B9CD}.Release|x64.Build.0 = Release|x64
		{91AFE6D8-9937-4F76-902A-7EABC756B9CD}.Release|x86.ActiveCfg = Release|Win32
		{91AFE6D8-9937-4F76-902A-7EABC756B9CD}.Release|x86.Build.0 = Release|Win32
		{DAAFEFDE-E9E5-4AC7-A700-25844666217B}.Debug|x64.ActiveCfg = Debug|x64
		{DAAFEFDE-E9E5-4AC7-A700-25844666217B}.Debug|x64.Build.0 = Debug|x64
		{DAAFEFDE-E9E5-4AC7-A700-25844666217B}.Debug|x86.ActiveCfg = Debug|Win32
		{DAAFEFDE-E9E5-4AC7-A700-25844666217B}.Debug|x86.Build.0 = Debug|Win32
		{DAAFEFDE-E9E5-4AC7-A700-25844666217B}.Release|x64.ActiveCfg = Release|x64
		{DAAFEFDE-E9E5-4AC7-A700-25844666217B}.Release|x64.Build.0 = Release|x64
		{DAAFEFDE-E9E5-4AC7-A700-25844666217B}.Release|x86.ActiveCfg = Release|Win32
		{DAAFEFDE-E9E5-4AC7-A700-25844666217B}.Release|x86.Build.0 = Release|Win32
		{274716B1-EDB2-460D-88BF-F0FB6ED8FD25}.Debug|x64.ActiveCfg = Debug|x64
		{274716B1-EDB2-460D-88BF-F0FB6ED8FD25}.Debug|x64.Build.0 = Debug|x64
		{274716B1-EDB2-460D-88BF-F0FB6ED8FD25}.Debug|x86.ActiveCfg = Debug|Win32
		{274716B1-EDB2-460D-88BF-F0FB6ED8FD25}.Debug|x86.Build.0 = Debug|Win32
		{274716B1-EDB2-460D-88BF-F0FB6ED8FD25}.Release|x64.ActiveCfg = Release|x64
		{274716B1-EDB2-460D-88BF-F0FB6ED8FD25}.Release|x64.Build.0 = Release|x64
		{274716B1-EDB2-460D-88BF-F0FB6ED8FD25}.Release|x86.ActiveCfg = Release|Win32
		{274716B1-EDB2-460D-88BF-F0FB6ED8FD25}.Release|x86.Build.0 = Release|Win32
		{8CC6D638-40B7-46F9-AB05-8A5DCF11DD7B}.Debug|x64.ActiveCfg = Debug|x64
		{8CC6D638-40B7-46F9-AB05-8A5DCF11DD7B}.Debug|x64.Build.0 = Debug|x64
		{8CC6D638-40B7-46F9-AB05-8A5DCF11DD7B}.Debug|x86.ActiveCfg = Debug|Win32
		{8CC6D638-40B7-46F9-AB05-8A5DCF11DD7B}.Debug|x86.Build.0 = Debug|Win32
		{8CC6D638-40B7-46F9-AB05-8A5DCF11DD7B}.Release|x64.ActiveCfg = Release|x64
		{8CC6D638-40B7-46F9-AB05-8A5DCF11DD7B}.Release|x64.Build.0 = Release|x64
		{8CC6D638-40B7-46F9-AB05-8A5DCF11DD7B}.Release|x86.ActiveCfg = Release|Win32
		{8CC6D638-40B7-46F9-AB05-8A5DCF11DD7B}.Release|x86.Build.0 = Release|Win32
		{7E1BB3EC-0FFC-42C7-ABD2-3B6751FE693D}.Debug|x64.ActiveCfg = Debug|x64
		{7E1BB3EC-0FFC-42C7-ABD2-3B6751FE693D}.Debug|x64.Build.0 = Debug|x64
		{7E1BB3EC-0FFC-42C7-ABD2-3B6751FE693D}.Debug|x86.ActiveCfg = Debug|Win32
		{7E1BB3EC-0FFC-42C7-ABD2-3B6751FE693D}.Debug|x86.Build.0 = Debug|Win32
		{7E1BB3EC-0FFC-42C7-ABD2-3B6751FE693D}.Release|x64.ActiveCfg = Release|x64
		{7E1BB3EC-0FFC-42C7-ABD2-3B6751FE693D}.Release|x64.Build.0 = Release|x64
		{7E1BB3EC-0FFC-42C7-ABD2-3B6751FE693D}.Release|x86.ActiveCfg = Release|Win32
		{7E1BB3EC-0FFC-42C7-ABD2-3B6751FE693D}.Release|x86.Build.0 = Release|Win32
		{5F14866F-0F62-43B1-83C1-3F2A33D029BC}.Debug|x64.ActiveCfg = Debug|x64
		{5F14866F-0F62-43B1-83C1-3F2A33D029BC}.Debug|x64.Build.0 = Debug|x64
		{5F14866F-0F62-43B1-83C1-3F2A33D029BC}.Debug|x86.ActiveCfg = Debug|Win32
		{5F14866F-0F62-43B1-83C1-3F2A33D029BC}.Debug|x86.Build.0 = Debug|Win32
		{5F14866F-0F62-43B1-83C1-3F2A33D029BC}.Release|x64.ActiveCfg = Release|x64
		{5F14866F-0F62-43B1-83C1-3F2A33D029BC}.Release|x64.Build.0 = Release|x64
		{5F14866F-0F62-43B1-83C1-3F2A33D029BC}.Release|x86.ActiveCfg = Release|Win32
		{5F14866F-0F62-43B1-83C1-3F2A33D029BC}.Release|x86.Build.0 = Release|Win32
		{67E3DE34-4997-4A7A-858B-C1BFF00DE806}.Debug|x64.ActiveCfg = Debug|x64
		{67E3DE34-4997-4A7A-858B-C1BFF00DE806}.Debug|x64.Build.0 = Debug|x64
		{67E3DE34-4997-4A7A-858B-C1BFF00DE806}.Debug|x86.ActiveCfg = Debug|Win32
		{67E3DE34-4997-4A7A-858B-C1BFF00DE806}.Debug|x86.Build.0 = Debug|Win32
		{67E3DE34-4997-4A7A-858B-C1BFF00DE806}.Release|x64.ActiveCfg = Release|x64
		{67E3DE34-4997-4A7A-858B-C1BFF00DE806}.Release|x64.Build.0 = Release|x64
		{67E3DE34-4997-4A7A-858B-C1BFF00DE806}.Release|x86.ActiveCfg = Release|Win32
		{67E3DE34-4997-4A7A-858B-C1BFF00DE806}.Release|x86.Build.0 = Release|Win32
		{7D7420F6-C3E4-47DC-BF26-45A29A0A8861}.Debug|x64.ActiveCfg = Debug|x64
		{7D7420F6-C3E4-47DC-BF26-45A29A0A8861}.Debug|x64.Build.0 = Debug|x64
		{7D7420F6-C3E4-47DC-BF26-45A29A0A8861}.Debug|x86.ActiveCfg = Debug|Win32
		{7D7420F6-C3E4-47DC-BF26-45A29A0A8861}.Debug|x86.Build.0 = Debug|Win32
		{7D7420F6-C3E4-47DC-BF26-45A29A0A8861}.Release|x64.ActiveCfg = Release|x64
		{7D7420F6-C3E4-47DC-BF26-45A29A0A8861}.Release|x64.Build.0 = Release|x64
		{7D7420F6-C3E4-47DC-BF26-45A29A0A8861}.Release|x86.ActiveCfg = Release|Win32
		{7D7420F6-C3E4-47DC-BF26-45A29A0A8861}.Release|x86.Build.0 = Release|Win32
		{C1A8F8D0-3E90-434B-987E-8CB47BB8FB04}.Debug|x64.ActiveCfg = Debug|x64
		{C1A8F8D0-3E90-434B-987E-8CB47BB8FB04}.Debug|x64.Build.0 = Debug|x64
		{C1A8F8D0-3E90-434B-987E-8CB47BB8FB04}.Debug|x86.ActiveCfg = Debug|Win32
		{C1A8F8D0-3E90-434B-987E-8CB47BB8FB04}.Debug|x86.Build.0 = Debug|Win32
		{C1A8F8D0-3E90-434B-987E-8CB47BB8FB04}.Release|x64.ActiveCfg = Release|x64
		{C1A8F8D0-3E90-434B-987E-8CB47BB8FB04}.Release|x64.Build.0 = Release|x64
		{C1A8F8D0-3E90-434B-987E-8CB47BB8FB04}.Release|x86.ActiveCfg = Release|Win32
		{C1A8F8D0-3E90-434B-987E-8CB47BB8FB04}.Release|x86.Build.0 = Release|Win32
		{6820BAF3-E95D-4BCE-90E7-17789CCB75C0}.Debug|x64.ActiveCfg = Debug|x64
		{6820BAF3-E95D-4BCE-90E7-17789CCB75C0}.Debug|x64.Build.0 = Debug|x64
		{6820BAF3-E95D-4BCE-90E7-17789CCB75C0}.Debug|x86.ActiveCfg = Debug|Win32
		{6820BAF3-E95D-4BCE-90E7-17789CCB75C0}.Debug|x86.Build.0 = Debug|Win32
		{6820BAF3-E95D-4BCE-90E7-17789CCB75C0}.Release|x64.ActiveCfg = Release|x64
		{6820BAF3-E95D-4BCE-90E7-17789CCB75C0}.Release|x64.Build.0 = Release|x64
		{6820BAF3-E95D-4BCE-90E7-17789CCB75C0}.Release|x86.ActiveCfg = Release|Win32
		{6820BAF3-E95D-4BCE-90E7-17789CCB75C0}.Release|x86.Build.0 = Release|Win32
		{94BD8AF9-AF6E-430A-8BC3-5E3BCC6ECF35}.Debug|x64.ActiveCfg = Debug|x64
		{94BD8AF9-AF6E-430A-8BC3-5E3BCC6ECF35}.Debug|x64.Build.0 = Debug|x64
		{94BD8AF9-AF6E-430A-8BC3-5E3BCC6ECF35}.Debug|x86.ActiveCfg = Debug|Win32
		{94BD8AF9-AF6E-430A-8BC3-5E3BCC6ECF35}.Debug|x86.Build.0 = Debug|Win32
		{94BD8AF9-AF6E-430A-8BC3-5E3BCC6ECF35}.Release|x64.ActiveCfg = Release|x64
		{94BD8AF9-AF6E-430A-8BC3-5E3BCC6ECF35}.Release|x64.Build.0 = Release|x64
		{94BD8AF9-AF6E-430A-8BC3-5E3BCC6ECF35}.Release|x86.ActiveCfg = Release|Win32
		{94BD8AF9-AF6E-430A-8BC3-5E3BCC6ECF35}.Release|x86.Build.0 = Release|Win32
		{3BC6EE3D-5508-4F42-8DC8-8A3F89862039}.Debug|x64.ActiveCfg = Debug|x64
		{3BC6EE3D-5508-4F42-8DC8-8A3F89862039}.Debug|x64.Build.0 = Debug|x64
		{3BC6EE3D-5508-4F42-8DC8-8A3F89862039}.Debug|x86.ActiveCfg = Debug|Win32
		{3BC6EE3D-5508-4F42-8DC8-8A3F89862039}.Debug|x86.Build.0 = Debug|Win32
		{3BC6EE3D-5508-4F42-8DC8-8A3F89862039}.Release|x64.ActiveCfg = Release|x64
		{3BC6EE3D-5508-4F42-8DC8-8A3F89862039}.Release|x64.Build.0 = Release|x64
		{3BC6EE3D-5508-4F42-8DC8-8A3F89862039}.Release|x86.ActiveCfg = Release|Win32
		{3BC6EE3D-5508-4F42-8DC8-8A3F89862039}.Release|x86.Build.0 = Release|Win32
		{837FF4BD-636E-4B26-849A-CD7DDEAFA0C3}.Debug|x64.ActiveCfg = Debug|x64
		{837FF4BD-636E-4B26-849A-CD7DDEAFA0C3}.Debug|x64.Build.0 = Debug|x64
		{837FF4BD-636E-4B26-849A-CD7DDEAFA0C3}.Debug|x86.ActiveCfg = Debug|Win32
		{837FF4BD-636E-4B26-849A-CD7DDEAFA0C3}.Debug|x86.Build.0 = Debug|Win32
		{837FF4BD-636E-4B26-849A-CD7DDEAFA0C3}.Release|x64.ActiveCfg = Release|x64
		{837FF4BD-636E-4B26-849A-CD7DDEAFA0C3}.Release|x64.Build.0 = Release|x64
		{837FF4BD-636E-4B26-849A-CD7DDEAFA0C3}.Release|x86.ActiveCfg = Release|Win32
		{837FF4BD-636E-4B26-849A-CD7DDEAFA0C3}.Release|x86.Build.0 = Release|Win32
		{41C78958-6EFB-42DD-9242-D5D6D8B368D8}.Debug|x64.ActiveCfg = Debug|x64
		{41C78958-6EFB-42DD-9242-D5D6D8B368D8}.Debug|x64.Build.0 = Debug|x64
		{41C78958-6EFB-42DD-9242-D5D6D8B368D8}.Debug|x86.ActiveCfg = Debug|Win32
		{41C78958-6EFB-42DD-9242-D5D6D8B368D8}.Debug|x86.Build.0 = Debug|Win32
		{41C78958-6EFB-42DD-9242-D5D6D8B368D8}.Release|x64.ActiveCfg = Release|x64
		{41C78958-6EFB-42DD-9242-D5D6D8B368D8}.Release|x64.Build.0 = Release|x64
		{41C78958-6EFB-42DD-9242-D5D6D8B368D8}.Release|x86.ActiveCfg = Release|Win32
		{41C78958-6EFB-42DD-9242-D5D6D8B368D8}.Release|x86.Build.0 = Release|Win32
		{5BB2145A-AF39-4725-A416-60D840AA5182}.Debug|x64.ActiveCfg = Debug|x64
		{5BB2145A-AF39-4725-A416-60D840AA5182}.Debug|x64.Build.0 = Debug|x64
		{5BB2145A-AF39-4725-A416-60D840AA5182}.Debug|x86.ActiveCfg = Debug|Win32
		{5BB2145A-AF39-4725-A416-60D840AA5182}.Debug|x86.Build.0 = Debug|Win32
		{5BB2145A-AF39-4725-A416-60D840AA5182}.Release|x64.ActiveCfg = Release|x64
		{5BB2145A-AF39-4725-A416-60D840AA5182}.Release|x64.Build.0 = Release|x64
		{5BB2145A-AF39-4725-A416-60D840AA5182}.Release|x86.ActiveCfg = Release|Win32
		{5BB2145A-AF39-4725-A416-60D840AA5182}.Release|x86.Build.0 = Release|Win32
		{CBD7A354-6941-4D9A-9683-2C971FBA9505}.Debug|x64.ActiveCfg = Debug|x64
		{CBD7A354-6941-4D9A-9683-2C971FBA9505}.Debug|x64.Build.0 = Debug|x64
		{CBD7A354-6941-4D9A-9683-2C971FBA9505}.Debug|x86.ActiveCfg = Debug|Win32
		{CBD7A354-6941-4D9A-9683-2C971FBA9505}.Debug|x86.Build.0 = Debug|Win32
		{CBD7A354-6941-4D9A-9683-2C971FBA9505}.Release|x64.ActiveCfg = Release|x64
		{CBD7A354-6941-4D9A-9683-2C971FBA9505}.Release|x64.Build.0 = Release|x64
		{CBD7A354-6941-4D9A-9683-2C971FBA9505}.Release|x86.ActiveCfg = Release|Win32
		{CBD7A354-6941-4D9A-9683-2C971FBA9505}.Release|x86.Build.0 = Release|Win32
		{292B4DC2-DE59-4CE8-8BFF-B9A88326C216}.Debug|x64.ActiveCfg = Debug|x64
		{292B4DC2-DE59-4CE8-8BFF-B9A88326C216}.Debug|x64.Build.0 = Debug|x64
		{292B4DC2-DE59-4CE8-8BFF-B9A88326C216}.Debug|x86.ActiveCfg = Debug|Win32
		{292B4DC2-DE59-4CE8-8BFF-B9A88326C216}.Debug|x86.Build.0 = Debug|Win32
		{292B4DC2-DE59-4CE8-8BFF-B9A88326C216}.Release|x64.ActiveCfg = Release|x64
		{292B4DC2-DE59-4CE8-8BFF-B9A88326C216}.Release|x64.Build.0 = Release|x64
		{292B4DC2-DE59-4CE8-8BFF-B9A88326C216}.Release|x86.ActiveCfg = Release|Win32
		{292B4DC2-DE59-4CE8-8BFF-B9A88326C216}.Release|x86.Build.0 = Release|Win32
		{944F1A0B-B1ED-49EE-A31D-616DBCEDD4E9}.Debug|x64.ActiveCfg = Debug|x64
		{944F1A0B-B1ED-49EE-A31D-616DBCEDD4E9}.Debug|x64.Build.0 = Debug|x64
		{944F1A0B-B1ED-49EE-A31D-616DBCEDD4E9}.Debug|x86.ActiveCfg = Debug|Win32
		{944F1A0B-B1ED-49EE-A31D-616DBCEDD4E9}.Debug|x86.Build.0 = Debug|Win32
		{944F1A0B-B1ED-49EE-A31D-616DBCEDD4E9}.Release|x64.ActiveCfg = Release|x64
		{944F1A0B-B1ED-49EE-A31D-616DBCEDD4E9}.Release|x64.Build.0 = Release|x64
		{944F1A0B-B1ED-49EE-A31D-616DBCEDD4E9}.Release|x86.ActiveCfg = Release|Win32
		{944F1A0B-B1ED-49EE-A31D-616DBCEDD4E9}.Release|x86.Build.0 = Release|Win32
		{C729D83B-E8F1-4589-838C-DF9280D24A28}.Debug|x64.ActiveCfg = Debug|x64
		{C729D83B-E8F1-4589-838C-DF9280D24A28}.Debug|x64.Build.0 = Debug|x64
		{C729D83B-E8F1-4589-838C-DF9280D24A28}.Debug|x86.ActiveCfg = Debug|Win32
		{C729D83B-E8F1-4589-838C-DF9280D24A28}.Debug|x86.Build.0 = Debug|Win32
		{C729D83B-E8F1-4589-838C-DF9280D24A28}.Release|x64.ActiveCfg = Release|x64
		{C729D83B-E8F1-4589-838C-DF9280D24A28}.Release|x64.Build.0 = Release|x64
		{C729D83B-E8F1-4589-838C-DF9280D24A28}.Release|x86.ActiveCfg = Release|Win32
		{C729D83B-E8F1-4589-838C-DF9280D24A28}.Release|x86.Build.0 = Release|Win32
		{C15DCF7D-B455-414B-BD3A-33D3C4B09D6B}.Debug|x64.ActiveCfg = Debug|x64
		{C15DCF7D-B455-414B-BD3A-33D3C4B09D6B}.Debug|x64.Build.0 = Debug|x64
		{C15DCF7D-B455-414B-BD3A-33D3C4B09D6B}.Debug|x86.ActiveCfg = Debug|Win32
		{C15DCF7D-B455-414B-BD3A-33D3C4B09D6B}.Debug|x86.Build.0 = Debug|Win32
		{C15DCF7D-B455-414B-BD3A-33D3C4B09D6B}.Release|x64.ActiveCfg = Release|x64
		{C15DCF7D-B455-414B-BD3A-33D3C4B09D6B}.Release|x64.Build.0 = Release|x64
		{C15DCF7D-B455-414B-BD3A-33D3C4B09D6B}.Release|x86.ActiveCfg = Release|Win32
		{C15DCF7D-B455-414B-BD3A-33D3C4B09D6B}.Release|x86.Build.0 = Release|Win32
		{27FB36CC-1118-4B5C-BDFE-D684F2A5D3C6}.Debug|x64.ActiveCfg = Debug|x64
		{27FB36CC-1118-4B5C-BDFE-D684F2A5D3C6}.Debug|x64.Build.0 = Debug|x64
		{27FB36CC-1118-4B5C-BDFE-D684F2A5D3C6}.Debug|x86.ActiveCfg = Debug|Win32
		{27FB36CC-1118-4B5C-BDFE-D684F2A5D3C6}.Debug|x86.Build.0 = Debug|Win32
		{27FB36CC-1118-4B5C-BDFE-D684F2A5D3C6}.Release|x64.ActiveCfg = Release|x64
		{27FB36CC-1118-4B5C-BDFE-D684F2A5D3C6}.Release|x64.Build.0 = Release|x64
		{27FB36CC-1118-4B5C-BDFE-D684F2A5D3C6}.Release|x86.ActiveCfg = Release|Win32
		{27FB36CC-1118-4B5C-BDFE-D684F2A5D3C6}.Release|x86.Build.0 = Release|Win32
		{00F3C1D7-F1A4-49EC-9BF5-BBF5A5A4203E}.Debug|x64.ActiveCfg = Debug|x64
		{00F3C1D7-F1A4-49EC-9BF5-BBF5A5A4203E}.Debug|x64.Build.0 = Debug|x64
		{00F3C1D7-F1A4-49EC-9BF5-BBF5A5A4203E}.Debug|x86.ActiveCfg = Debug|Win32
		{00F3C1D7-F1A4-49EC-9BF5-BBF5A5A4203E}.Debug|x86.Build.0 = Debug|Win32
		{00F3C1D7-F1A4-49EC-9BF5-BBF5A5A4203E}.Release|x64.ActiveCfg = Release|x64
		{00F3C1D7-F1A4-49EC-9BF5-BBF5A5A4203E}.Release|x64.Build.0 = Release|x64
		{00F3C1D7-F1A4-49EC-9BF5-BBF5A5A4203E}.Release|x86.ActiveCfg = Release|Win32
		{00F3C1D7-F1A4-49EC-9BF5-BBF5A5A4203E}.Release|x86.Build.0 = Release|Win32
		{48393F25-4934-4EB1-B4F3-214140275EAA}.Debug|x64.ActiveCfg = Debug|x64
		{48393F25-4934-4EB1-B4F3-214140275EAA}.Debug|x64.Build.0 = Debug|x64
		{48393F25-4934-4EB1-B4F3-214140275EAA}.Debug|x86.ActiveCfg = Debug|Win32
		{48393F25-4934-4EB1-B4F3-214140275EAA}.Debug|x86.Build.0 = Debug|Win32
		{48393F25-4934-4EB1-B4F3-214140275EAA}.Release|x64.ActiveCfg = Release|x64
		{48393F25-4934-4EB1-B4F3-214140275EAA}.Release|x64.Build.0 = Release|x64
		{48393F25-4934-4EB1-B4F3-214140275EAA}.Release|x86.ActiveCfg = Release|Win32
		{48393F25-4934-4EB1-B4F3-214140275EAA}.Release|x86.Build.0 = Release|Win32
		{F0A12929-B9C5-4663-B6A5-475D0EC620A3}.Debug|x64.ActiveCfg = Debug|x64
		{F0A12929-B9C5-4663-B6A5-475D0EC620A3}.Debug|x64.Build.0 = Debug|x64
		{F0A12929-B9C5-4663-B6A5-475D0EC620A3}.Debug|x86.ActiveCfg = Debug|Win32
		{F0A12929-B9C5-4663-B6A5-475D0EC620A3}.Debug|x86.Build.0 = Debug|Win32
		{F0A12929-B9C5-4663-B6A5-475D0EC620A3}.Release|x64.ActiveCfg = Release|x64
		{F0A12929-B9C5-4663-B6A5-475D0EC620A3}.Release|x64.Build.0 = Release|x64
		{F0A12929-B9C5-4663-B6A5-475D0EC620A3}.Release|x86.ActiveCfg = Release|Win32
		{F0A12929-B9C5-4663-B6A5-475D0EC620A3}.Release|x86.Build.0 = Release|Win32
		{198F4661-994C-4890-B3A1-5921F2206C31}.Debug|x64.ActiveCfg = Debug|x64
		{198F4661-994C-4890-B3A1-5921F2206C31}.Debug|x64.Build.0 = Debug|x64
		{198F4661-994C-4890-B3A1-5921F2206C31}.Debug|x86.ActiveCfg = Debug|Win32
		{198F4661-994C-4890-B3A1-5921F2206C31}.Debug|x86.Build.0 = Debug|Win32
		{198F4661-994C-4890-B3A1-5921F2206C31}.Release|x64.ActiveCfg = Release|x64
		{198F4661-994C-4890-B3A1-5921F2206C31}.Release|x64.Build.0 = Release|x64
		{198F4661-994C-4890-B3A1-5921F2206C31}.Release|x86.ActiveCfg = Release|Win32
		{198F4661-994C-4890-B3A1-5921F2206C31}.Release|x86.Build.0 = Release|Win32
		{814F48DD-D408-4FD3-A9BB-C3BCCF5EDC82}.Debug|x64.ActiveCfg = Debug|x64
		{814F48DD-D408-4FD3-A9BB-C3BCCF5EDC82}.Debug|x64.Build.0 = Debug|x64
		{814F48DD-D408-4FD3-A9BB-C3BCCF5EDC82}.Debug|x86.ActiveCfg = Debug|Win32
		{814F48DD-D408-4FD3-A9BB-C3BCCF5EDC82}.Debug|x86.Build.0 = Debug|Win32
		{814F48DD-D408-4FD3-A9BB-C3BCCF5EDC82}.Release|x64.ActiveCfg = Release|x64
		{814F48DD-D408-4FD3-A9BB-C3BCCF5EDC82}.Release|x64.Build.0 = Release|x64
		{814F48DD-D408-4FD3-A9BB-C3BCCF5EDC82}.Release|x86.ActiveCfg = Release|Win32
		{814F48DD-D408-4FD3-A9BB-C3BCCF5EDC82}.Release|x86.Build.0 = Release|Win32
		{35E7B6DF-29F3-4866-B68A-B74B48C5787F}.Debug|x64.ActiveCfg = Debug|x64
		{35E7B6DF-29F3-4866-B68A-B74B48C5787F}.Debug|x64.Build.0 = Debug|x64
		{35E7B6DF-29F3-4866-B68A-B74B48C5787F}.Debug|x86.ActiveCfg = Debug|Win32
		{35E7B6DF-29F3-4866-B68A-B74B48C5787F}.Debug|x86.Build.0 = Debug|Win32
		{35E7B6DF-29F3-4866-B68A-B74B48C5787F}.Release|x64.ActiveCfg = Release|x64
		{35E7B6DF-29F3-4866-B68A-B74B48C5787F}.Release|x64.Build.0 = Release|x64
		{35E7B6DF-29F3-4866-B68A-B74B48C5787F}.Release|x86.ActiveCfg = Release|Win32
		{35E7B6DF-29F3-4866-B68A-B74B48C5787F}.Release|x86.Build.0 = Release|Win32
		{A86A6223-39DA-452D-BCB9-448A7C65CEDE}.Debug|x64.ActiveCfg = Debug|x64
		{A86A6223-39DA-452D-BCB9-448A7C65CEDE}.Debug|x64.Build.0 = Debug|x64
		{A86A6223-39DA-452D-BCB9-448A7C65CEDE}.Debug|x86.ActiveCfg = Debug|Win32
		{A86A6223-39DA-452D-BCB9-448A7C65CEDE}.Debug|x86.Build.0 = Debug|Win32
		{A86A6223-39DA-452D-BCB9-448A7C65CEDE}.Release|x64.ActiveCfg = Release|x64
		{A86A6223-39DA-452D-BCB9-448A7C65CEDE}.Release|x64.Build.0 = Release|x64
		{A86A6223-39DA-452D-BCB9-448A7C65CEDE}.Release|x86.ActiveCfg = Release|Win32
		{A86A6223-39DA-452D-BCB9-448A7C65CEDE}.Release|x86.Build.0 = Release|Win32
		{D52BB561-FAF5-4660-AF66-0140DC1445E9}.Debug|x64.ActiveCfg = Debug|x64
		{D52BB561-FAF5-4660-AF66-0140DC1445E9}.Debug|x64.Build.0 = Debug|x64
		{D52BB561-FAF5-4660-AF66-0140DC1445E9}.Debug|x86.ActiveCfg = Debug|Win32
		{D52BB561-FAF5-4660-AF66-0140DC1445E9}.Debug|x86.Build.0 = Debug|Win32
		{D52BB561-FAF5-4660-AF66-0140DC1445E9}.Release|x64.ActiveCfg = Release|x64
		{D52BB561-FAF5-4660-AF66-0140DC1445E9}.Release|x64.Build.0 = Release|x64
		{D52BB561-FAF5-4660-AF66-0140DC1445E9}.Release|x86.ActiveCfg = Release|Win32
		{D52BB561-FAF5-4660-AF66-0140DC1445E9}.Release|x86.Build.0 = Release|Win32
		{410C8FF4-8E5E-4C09-A726-849E132CB13D}.Debug|x64.ActiveCfg = Debug|x64
		{410C8FF4-8E5E-4C09-A726-849E132CB13D}.Debug|x64.Build.0 = Debug|x64
		{410C8FF4-8E5E-4C09-A726-849E132CB13D}.Debug|x86.ActiveCfg = Debug|Win32
		{410C8FF4-8E5E-4C09-A726-849E132CB13D}.Debug|x86.Build.0 = Debug|Win32
		{410C8FF4-8E5E-4C09-A726-849E132CB13D}.Release|x64.ActiveCfg = Release|x64
		{410C8FF4-8E5E-4C09-A726-849E132CB13D}.Release|x64.Build.0 = Release|x64
		{410C8FF4-8E5E-4C09-A726-849E132CB13D}.Release|x86.ActiveCfg = Release|Win32
		{410C8FF4-8E5E-4C09-A726-849E132CB13D}.Release|x86.Build.0 = Release|Win32
		{F74AC8C3-DB5B-45B5-AC37-F3E77336693D}.Debug|x64.ActiveCfg = Debug|x64
		{F74AC8C3-DB5B-45B5-AC37-F3E77336693D}.Debug|x64.Build.0 = Debug|x64
		{F74AC8C3-DB5B-45B5-AC37-F3E77336693D}.Debug|x86.ActiveCfg = Debug|Win32
		{F74AC8C3-DB5B-45B5-AC37-F3E77336693D}.Debug|x86.Build.0 = Debug|Win32
		{F74AC8C3-DB5B-45B5-AC37-F3E77336693D}.Release|x64.ActiveCfg = Release|x64
		{F74AC8C3-DB5B-45B5-AC37-F3E77336693D}.Release|x64.Build.0 = Release|x64
		{F74AC8C3-DB5B-45B5-AC37-F3E77336693D}.Release|x86.ActiveCfg = Release|Win32
		{F74AC8C3-DB5B-45B5-AC37-F3E77336693D}.Release|x86.Build.0 = Release|Win32
		{59E7CD8B-5876-4C60-AEA9-33543D85ECF8}.Debug|x64.ActiveCfg = Debug|x64
		{59E7CD8B-5876-4C60-AEA9-33543D85ECF8}.Debug|x64.Build.0 = Debug|x64
		{59E7CD8B-5876-4C60-AEA9-33543D85ECF8}.Debug|x86.ActiveCfg = Debug|Win32
		{59E7CD8B-5876-4C60-AEA9-33543D85ECF8}.Debug|x86.Build.0 = Debug|Win32
		{59E7CD8B-5876-4C60-AEA9-33543D85ECF8}.Release|x64.ActiveCfg = Release|x64
		{59E7CD8B-5876-4C60-AEA9-33543D85ECF8}.Release|x64.Build.0 = Release|x64
		{59E7CD8B-5876-4C60-AEA9-33543D85ECF8}.Release|x86.ActiveCfg = Release|Win32
		{59E7CD8B-5876-4C60-AEA9-33543D85ECF8}.Release|x86.Build.0 = Release|Win32
		{99BC0FCB-8EBC-4956-A390-333EF870AE30}.Debug|x64.ActiveCfg = Debug|x64
		{99BC0FCB-8EBC-4956-A390-333EF870AE30}.Debug|x64.Build.0 = Debug|x64
		{99BC0FCB-8EBC-4956-A390-333EF870AE30}.Debug|x86.ActiveCfg = Debug|Win32
		{99BC0FCB-8EBC-4956-A390-333EF870AE30}.Debug|x86.Build.0 = Debug|Win32
		{99BC0FCB-8EBC-4956-A390-333EF870AE30}.Release|x64.ActiveCfg = Release|x64
		{99BC0FCB-8EBC-4956-A390-333EF870AE30}.Release|x64.Build.0 = Release|x64
		{99BC0FCB-8EBC-4956-A390-333EF870AE30}.Release|x86.ActiveCfg = Release|Win32
		{99BC0FCB-8EBC-4956-A390-333EF870AE30}.Release|x86.Build.0 = Release|Win32
		{1779E5A4-092D-46C4-BFD3-B180BE240CE8}.Debug|x64.ActiveCfg = Debug|x64
		{1779E5A4-092D-46C4-BFD3-B180BE240CE8}.Debug|x64.Build.0 = Debug|x64
		{1779E5A4-092D-46C4-BFD3-B180BE240CE8}.Debug|x86.ActiveCfg = Debug|Win32
		{1779E5A4-092D-46C4-BFD3-B180BE240CE8}.Debug|x86.Build.0 = Debug|Win32
		{1779E5A4-092D-46C4-BFD3-B180BE240CE8}.Release|x64.ActiveCfg = Release|x64
		{1779E5A4-092D-46C4-BFD3-B180BE240CE8}.Release|x64.Build.0 = Release|x64
		{1779E5A4-092D-46C4-BFD3-B180BE240CE8}.Release|x86.ActiveCfg = Release|Win32
		{1779E5A4-092D-46C4-BFD3-B180BE240CE8}.Release|x86.Build.0 = Release|Win32
		{3E2A1F0D-8EB1-46F9-88EC-0D050C041ED7}.Debug|x64.ActiveCfg = Debug|x64
		{3E2A1F0D-8EB1-46F9-88EC-0D050C041ED7}.Debug|x64.Build.0 = Debug|x64
		{3E2A1F0D-8EB1-46F9-88EC-0D050C041ED7}.Debug|x86.ActiveCfg = Debug|Win32
		{3E2A1F0D-8EB1-46F9-88EC-0D050C041ED7}.Debug|x86.Build.0 = Debug|Win32
		{3E2A1F0D-8EB1-46F9-88EC-0D050C041ED7}.Release|x64.ActiveCfg = Release|x64
		{3E2A1F0D-8EB1-46F9-88EC-0D050C041ED7}.Release|x64.Build.0 = Release|x64
		{3E2A1F0D-8EB1-46F9-88EC-0D050C041ED7}.Release|x86.ActiveCfg = Release|Win32
		{3E2A1F0D-8EB1-46F9-88EC-0D050C041ED7}.Release|x86.Build.0 = Release|Win32
		{3E35D3F3-3A43-403E-A5F1-E66C2431EEF9}.Debug|x64.ActiveCfg = Debug|x64
		{3E35D3F3-3A43-403E-A5F1-E66C2431EEF9}.Debug|x64.Build.0 = Debug|x64
		{3E35D3F3-3A43-403E-A5F1-E66C2431EEF9}.Debug|x86.ActiveCfg = Debug|Win32
		{3E35D3F3-3A43-403E-A5F1-E66C2431EEF9}.Debug|x86.Build.0 = Debug|Win32
		{3E35D3F3-3A43-403E-A5F1-E66C2431EEF9}.Release|x64.ActiveCfg = Release|x64
		{3E35D3F3-3A43-403E-A5F1-E66C2431EEF9}.Release|x64.Build.0 = Release|x64
		{3E35D3F3-3A43-403E-A5F1-E66C2431EEF9}.Release|x86.ActiveCfg = Release|Win32
		{3E35D3F3-3A43-403E-A5F1-E66C2431EEF9}.Release|x86.Build.0 = Release|Win32
		{E2F28A29-5FEB-41A3-8722-11E434BC7317}.Debug|x64.ActiveCfg = Debug|x64
		{E2F28A29-5FEB-41A3-8722-11E434BC7317}.Debug|x64.Build.0 = Debug|x64
		{E2F28A29-5FEB-41A3-8722-11E434BC7317}.Debug|x86.ActiveCfg = Debug|Win32
		{E2F28A29-5FEB-41A3-8722-11E434BC7317}.Debug|x86.Build.0 = Debug|Win32
		{E2F28A29-5FEB-41A3-8722-11E434BC7317}.Release|x64.ActiveCfg = Release|x64
		{E2F28A29-5FEB-41A3-8722-11E434BC7317}.Release|x64.Build.0 = Release|x64
		{E2F28A29-5FEB-41A3-8722-11E434BC7317}.Release|x86.ActiveCfg = Release|Win32
		{E2F28A29-5FEB-41A3-8722-11E434BC7317}.Release|x86.Build.0 = Release|Win32
		{1F1FC8D8-1753-4FC9-A393-86C3F965952F}.Debug|x64.ActiveCfg = Debug|x64
		{1F1FC8D8-1753-4FC9-A393-86C3F965952F}.Debug|x64.Build.0 = Debug|x64
		{1F1FC8D8-1753-4FC9-A393-86C3F965952F}.Debug|x86.ActiveCfg = Debug|Win32
		{1F1FC8D8-1753-4FC9-A393-86C3F965952F}.Debug|x86.Build.0 = Debug|Win32
		{1F1FC8D8-1753-4FC9-A393-86C3F965952F}.Release|x64.ActiveCfg = Release|x64
		{1F1FC8D8-1753-4FC9-A393-86C3F965952F}.Release|x64.Build.0 = Release|x64
		{1F1FC8D8-1753-4FC9-A393-86C3F965952F}.Release|x86.ActiveCfg = Release|Win32
		{1F1FC8D8-1753-4FC9-A393-86C3F965952F}.Release|x86.Build.0 = Release|Win32
		{A64BE60F-7E4C-4291-B8AF-4EEF802A224A}.Debug|x64.ActiveCfg = Debug|x64
		{A64BE60F-7E4C-4291-B8AF-4EEF802A224A}.Debug|x64.Build.0 = Debug|x64
		{A64BE60F-7E4C-4291-B8AF-4EEF802A224A}.Debug|x86.ActiveCfg = Debug|Win32
		{A64BE60F-7E4C-4291-B8AF-4EEF802A224A}.Debug|x86.Build.0 = Debug|Win32
		{A64BE60F-7E4C-4291-B8AF-4EEF802A224A}.Release|x64.ActiveCfg = Release|x64
		{A64BE60F-7E4C-4291-B8AF-4EEF802A224A}.Release|x64.Build.0 = Release|x64
		{A64BE60F-7E4C-4291-B8AF-4EEF802A224A}.Release|x86.ActiveCfg = Release|Win32
		{A64BE60F-7E4C-4291-B8AF-4EEF802A224A}.Release|x86.Build.0 = Release|Win32
		{5B5B17E7-425E-459D-91DE-ACF035ED9610}.Debug|x64.ActiveCfg = Debug|x64
		{5B5B17E7-425E-459D-91DE-ACF035ED9610}.Debug|x64.Build.0 = Debug|x64
		{5B5B17E7-425E-459D-91DE-ACF035ED9610}.Debug|x86.ActiveCfg = Debug|Win32
		{5B5B17E7-425E-459D-91DE-ACF035ED9610}.Debug|x86.Build.0 = Debug|Win32
		{5B5B17E7-425E-459D-91DE-ACF035ED9610}.Release|x64.ActiveCfg = Release|x64
		{5B5B17E7-425E-459D-91DE-ACF035ED9610}.Release|x64.Build.0 = Release|x64
		{5B5B17E7-425E-459D-91DE-ACF035ED9610}.Release|x86.ActiveCfg = Release|Win32
		{5B5B17E7-425E-459D-91DE-ACF035ED9610}.Release|x86.Build.0 = Release|Win32
		{7E7D681B-6001-4655-AAD6-B4A2050CF0A3}.Debug|x64.ActiveCfg = Debug|x64
		{7E7D681B-6001-4655-AAD6-B4A2050CF0A3}.Debug|x64.Build.0 = Debug|x64
		{7E7D681B-6001-4655-AAD6-B4A2050CF0A3}.Debug|x86.ActiveCfg = Debug|Win32
		{7E7D681B-6001-4655-AAD6-B4A2050CF0A3}.Debug|x86.Build.0 = Debug|Win32
		{7E7D681B-6001-4655-AAD6-B4A2050CF0A3}.Release|x64.ActiveCfg = Release|x64
		{7E7D681B-6001-4655-AAD6-B4A2050CF0A3}.Release|x64.Build.0 = Release|x64
		{7E7D681B-6001-4655-AAD6-B4A2050CF0A3}.Release|x86.ActiveCfg = Release|Win32
		{7E7D681B-6001-4655-AAD6-B4A2050CF0A3}.Release|x86.Build.0 = Release|Win32
		{4ABF24DF-F4B3-4572-9A9D-E29484510598}.Debug|x64.ActiveCfg = Debug|x64
		{4ABF24DF-F4B3-4572-9A9D-E29484510598}.Debug|x64.Build.0 = Debug|x64
		{4ABF24DF-F4B3-4572-9A9D-E29484510598}.Debug|x86.ActiveCfg = Debug|Win32
		{4ABF24DF-F4B3-4572-9A9D-E29484510598}.Debug|x86.Build.0 = Debug|Win32
		{4ABF24DF-F4B3-4572-9A9D-E29484510598}.Release|x64.ActiveCfg = Release|x64
		{4ABF24DF-F4B3-4572-9A9D-E29484510598}.Release|x64.Build.0 = Release|x64
		{4ABF24DF-F4B3-4572-9A9D-E29484510598}.Release|x86.ActiveCfg = Release|Win32
		{4ABF24DF-F4B3-4572-9A9D-E29484510598}.Release|x86.Build.0 = Release|Win32
	EndGlobalSection
	GlobalSection(SolutionProperties) = preSolution
		HideSolutionNode = FALSE
	EndGlobalSection
	GlobalSection(ExtensibilityGlobals) = postSolution
		SolutionGuid = {FF110973-639A-43E5-9484-A411A2F89BC6}
	EndGlobalSection
EndGlobal
