
Microsoft Visual Studio Solution File, Format Version 12.00
# Visual Studio Version 16
VisualStudioVersion = 16.0.32929.386
MinimumVisualStudioVersion = 10.0.40219.1
Project("{8BC9CEB8-8B4A-11D0-8D11-00A0C91BC942}") = "Chapter01_01", "Chapter01_01\Chapter01_01.vcxproj", "{91AFE6D8-9937-4F76-902A-7EABC756B9CD}"
EndProject
Project("{8BC9CEB8-8B4A-11D0-8D11-00A0C91BC942}") = "Chapter01_02", "Chapter01_02\Chapter01_02.vcxproj", "{DAAFEFDE-E9E5-4AC7-A700-25844666217B}"
EndProject
Project("{8BC9CEB8-8B4A-11D0-8D11-00A0C91BC942}") = "Chapter01_03", "Chapter01_03\Chapter01_03.vcxproj", "{274716B1-EDB2-460D-88BF-F0FB6ED8FD25}"
EndProject
Project("{8BC9CEB8-8B4A-11D0-8D11-00A0C91BC942}") = "Chapter01_04", "Chapter01_04\Chapter01_04.vcxproj", "{8CC6D638-40B7-46F9-AB05-8A5DCF11DD7B}"
EndProject
Project("{8BC9CEB8-8B4A-11D0-8D11-00A0C91BC942}") = "Chapter01_05", "Chapter01_05\Chapter01_05.vcxproj", "{7E1BB3EC-0FFC-42C7-ABD2-3B6751FE693D}"
EndProject
Project("{8BC9CEB8-8B4A-11D0-8D11-00A0C91BC942}") = "Chapter01_06", "Chapter01_06\Chapter01_06.vcxproj", "{5F14866F-0F62-43B1-83C1-3F2A33D029BC}"
EndProject
Project("{8BC9CEB8-8B4A-11D0-8D11-00A0C91BC942}") = "Chapter01_07", "Chapter01_07\Chapter01_07.vcxproj", "{67E3DE34-4997-4A7A-858B-C1BFF00DE806}"
EndProject
Project("{8BC9CEB8-8B4A-11D0-8D11-00A0C91BC942}") = "Chapter01_08", "Chapter01_08\Chapter01_08.vcxproj", "{7D7420F6-C3E4-47DC-BF26-45A29A0A8861}"
EndProject
Project("{8BC9CEB8-8B4A-11D0-8D11-00A0C91BC942}") = "Chapter01_09", "Chapter01_09\Chapter01_09.vcxproj", "{C1A8F8D0-3E90-434B-987E-8CB47BB8FB04}"
EndProject
Project("{8BC9CEB8-8B4A-11D0-8D11-00A0C91BC942}") = "Chapter01_10", "Chapter01_10\Chapter01_10.vcxproj", "{6820BAF3-E95D-4BCE-90E7-17789CCB75C0}"
EndProject
Project("{8BC9CEB8-8B4A-11D0-8D11-00A0C91BC942}") = "Chapter01_11", "Chapter01_11\Chapter01_11.vcxproj", "{94BD8AF9-AF6E-430A-8BC3-5E3BCC6ECF35}"
EndProject
Global
	GlobalSection(SolutionConfigurationPlatforms) = preSolution
		Debug|x64 = Debug|x64
		Debug|x86 = Debug|x86
		Release|x64 = Release|x64
		Release|x86 = Release|x86
	EndGlobalSection
	GlobalSection(ProjectConfigurationPlatforms) = postSolution
		{91AFE6D8-9937-4F76-902A-7EABC756B9CD}.Debug|x64.ActiveCfg = Debug|x64
		{91AFE6D8-9937-4F76-902A-7EABC756B9CD}.Debug|x64.Build.0 = Debug|x64
		{91AFE6D8-9937-4F76-902A-7EABC756B9CD}.Debug|x86.ActiveCfg = Debug|Win32
		{91AFE6D8-9937-4F76-902A-7EABC756B9CD}.Debug|x86.Build.0 = Debug|Win32
		{91AFE6D8-9937-4F76-902A-7EABC756B9CD}.Release|x64.ActiveCfg = Release|x64
		{91AFE6D8-9937-4F76-902A-7EABC756B9CD}.Release|x64.Build.0 = Release|x64
		{91AFE6D8-9937-4F76-902A-7EABC756B9CD}.Release|x86.ActiveCfg = Release|Win32
		{91AFE6D8-9937-4F76-902A-7EABC756B9CD}.Release|x86.Build.0 = Release|Win32
		{DAAFEFDE-E9E5-4AC7-A700-25844666217B}.Debug|x64.ActiveCfg = Debug|x64
		{DAAFEFDE-E9E5-4AC7-A700-25844666217B}.Debug|x64.Build.0 = Debug|x64
		{DAAFEFDE-E9E5-4AC7-A700-25844666217B}.Debug|x86.ActiveCfg = Debug|Win32
		{DAAFEFDE-E9E5-4AC7-A700-25844666217B}.Debug|x86.Build.0 = Debug|Win32
		{DAAFEFDE-E9E5-4AC7-A700-25844666217B}.Release|x64.ActiveCfg = Release|x64
		{DAAFEFDE-E9E5-4AC7-A700-25844666217B}.Release|x64.Build.0 = Release|x64
		{DAAFEFDE-E9E5-4AC7-A700-25844666217B}.Release|x86.ActiveCfg = Release|Win32
		{DAAFEFDE-E9E5-4AC7-A700-25844666217B}.Release|x86.Build.0 = Release|Win32
		{274716B1-EDB2-460D-88BF-F0FB6ED8FD25}.Debug|x64.ActiveCfg = Debug|x64
		{274716B1-EDB2-460D-88BF-F0FB6ED8FD25}.Debug|x64.Build.0 = Debug|x64
		{274716B1-EDB2-460D-88BF-F0FB6ED8FD25}.Debug|x86.ActiveCfg = Debug|Win32
		{274716B1-EDB2-460D-88BF-F0FB6ED8FD25}.Debug|x86.Build.0 = Debug|Win32
		{274716B1-EDB2-460D-88BF-F0FB6ED8FD25}.Release|x64.ActiveCfg = Release|x64
		{274716B1-EDB2-460D-88BF-F0FB6ED8FD25}.Release|x64.Build.0 = Release|x64
		{274716B1-EDB2-460D-88BF-F0FB6ED8FD25}.Release|x86.ActiveCfg = Release|Win32
		{274716B1-EDB2-460D-88BF-F0FB6ED8FD25}.Release|x86.Build.0 = Release|Win32
		{8CC6D638-40B7-46F9-AB05-8A5DCF11DD7B}.Debug|x64.ActiveCfg = Debug|x64
		{8CC6D638-40B7-46F9-AB05-8A5DCF11DD7B}.Debug|x64.Build.0 = Debug|x64
		{8CC6D638-40B7-46F9-AB05-8A5DCF11DD7B}.Debug|x86.ActiveCfg = Debug|Win32
		{8CC6D638-40B7-46F9-AB05-8A5DCF11DD7B}.Debug|x86.Build.0 = Debug|Win32
		{8CC6D638-40B7-46F9-AB05-8A5DCF11DD7B}.Release|x64.ActiveCfg = Release|x64
		{8CC6D638-40B7-46F9-AB05-8A5DCF11DD7B}.Release|x64.Build.0 = Release|x64
		{8CC6D638-40B7-46F9-AB05-8A5DCF11DD7B}.Release|x86.ActiveCfg = Release|Win32
		{8CC6D638-40B7-46F9-AB05-8A5DCF11DD7B}.Release|x86.Build.0 = Release|Win32
		{7E1BB3EC-0FFC-42C7-ABD2-3B6751FE693D}.Debug|x64.ActiveCfg = Debug|x64
		{7E1BB3EC-0FFC-42C7-ABD2-3B6751FE693D}.Debug|x64.Build.0 = Debug|x64
		{7E1BB3EC-0FFC-42C7-ABD2-3B6751FE693D}.Debug|x86.ActiveCfg = Debug|Win32
		{7E1BB3EC-0FFC-42C7-ABD2-3B6751FE693D}.Debug|x86.Build.0 = Debug|Win32
		{7E1BB3EC-0FFC-42C7-ABD2-3B6751FE693D}.Release|x64.ActiveCfg = Release|x64
		{7E1BB3EC-0FFC-42C7-ABD2-3B6751FE693D}.Release|x64.Build.0 = Release|x64
		{7E1BB3EC-0FFC-42C7-ABD2-3B6751FE693D}.Release|x86.ActiveCfg = Release|Win32
		{7E1BB3EC-0FFC-42C7-ABD2-3B6751FE693D}.Release|x86.Build.0 = Release|Win32
		{5F14866F-0F62-43B1-83C1-3F2A33D029BC}.Debug|x64.ActiveCfg = Debug|x64
		{5F14866F-0F62-43B1-83C1-3F2A33D029BC}.Debug|x64.Build.0 = Debug|x64
		{5F14866F-0F62-43B1-83C1-3F2A33D029BC}.Debug|x86.ActiveCfg = Debug|Win32
		{5F14866F-0F62-43B1-83C1-3F2A33D029BC}.Debug|x86.Build.0 = Debug|Win32
		{5F14866F-0F62-43B1-83C1-3F2A33D029BC}.Release|x64.ActiveCfg = Release|x64
		{5F14866F-0F62-43B1-83C1-3F2A33D029BC}.Release|x64.Build.0 = Release|x64
		{5F14866F-0F62-43B1-83C1-3F2A33D029BC}.Release|x86.ActiveCfg = Release|Win32
		{5F14866F-0F62-43B1-83C1-3F2A33D029BC}.Release|x86.Build.0 = Release|Win32
		{67E3DE34-4997-4A7A-858B-C1BFF00DE806}.Debug|x64.ActiveCfg = Debug|x64
		{67E3DE34-4997-4A7A-858B-C1BFF00DE806}.Debug|x64.Build.0 = Debug|x64
		{67E3DE34-4997-4A7A-858B-C1BFF00DE806}.Debug|x86.ActiveCfg = Debug|Win32
		{67E3DE34-4997-4A7A-858B-C1BFF00DE806}.Debug|x86.Build.0 = Debug|Win32
		{67E3DE34-4997-4A7A-858B-C1BFF00DE806}.Release|x64.ActiveCfg = Release|x64
		{67E3DE34-4997-4A7A-858B-C1BFF00DE806}.Release|x64.Build.0 = Release|x64
		{67E3DE34-4997-4A7A-858B-C1BFF00DE806}.Release|x86.ActiveCfg = Release|Win32
		{67E3DE34-4997-4A7A-858B-C1BFF00DE806}.Release|x86.Build.0 = Release|Win32
		{7D7420F6-C3E4-47DC-BF26-45A29A0A8861}.Debug|x64.ActiveCfg = Debug|x64
		{7D7420F6-C3E4-47DC-BF26-45A29A0A8861}.Debug|x64.Build.0 = Debug|x64
		{7D7420F6-C3E4-47DC-BF26-45A29A0A8861}.Debug|x86.ActiveCfg = Debug|Win32
		{7D7420F6-C3E4-47DC-BF26-45A29A0A8861}.Debug|x86.Build.0 = Debug|Win32
		{7D7420F6-C3E4-47DC-BF26-45A29A0A8861}.Release|x64.ActiveCfg = Release|x64
		{7D7420F6-C3E4-47DC-BF26-45A29A0A8861}.Release|x64.Build.0 = Release|x64
		{7D7420F6-C3E4-47DC-BF26-45A29A0A8861}.Release|x86.ActiveCfg = Release|Win32
		{7D7420F6-C3E4-47DC-BF26-45A29A0A8861}.Release|x86.Build.0 = Release|Win32
		{C1A8F8D0-3E90-434B-987E-8CB47BB8FB04}.Debug|x64.ActiveCfg = Debug|x64
		{C1A8F8D0-3E90-434B-987E-8CB47BB8FB04}.Debug|x64.Build.0 = Debug|x64
		{C1A8F8D0-3E90-434B-987E-8CB47BB8FB04}.Debug|x86.ActiveCfg = Debug|Win32
		{C1A8F8D0-3E90-434B-987E-8CB47BB8FB04}.Debug|x86.Build.0 = Debug|Win32
		{C1A8F8D0-3E90-434B-987E-8CB47BB8FB04}.Release|x64.ActiveCfg = Release|x64
		{C1A8F8D0-3E90-434B-987E-8CB47BB8FB04}.Release|x64.Build.0 = Release|x64
		{C1A8F8D0-3E90-434B-987E-8CB47BB8FB04}.Release|x86.ActiveCfg = Release|Win32
		{C1A8F8D0-3E90-434B-987E-8CB47BB8FB04}.Release|x86.Build.0 = Release|Win32
		{6820BAF3-E95D-4BCE-90E7-17789CCB75C0}.Debug|x64.ActiveCfg = Debug|x64
		{6820BAF3-E95D-4BCE-90E7-17789CCB75C0}.Debug|x64.Build.0 = Debug|x64
		{6820BAF3-E95D-4BCE-90E7-17789CCB75C0}.Debug|x86.ActiveCfg = Debug|Win32
		{6820BAF3-E95D-4BCE-90E7-17789CCB75C0}.Debug|x86.Build.0 = Debug|Win32
		{6820BAF3-E95D-4BCE-90E7-17789CCB75C0}.Release|x64.ActiveCfg = Release|x64
		{6820BAF3-E95D-4BCE-90E7-17789CCB75C0}.Release|x64.Build.0 = Release|x64
		{6820BAF3-E95D-4BCE-90E7-17789CCB75C0}.Release|x86.ActiveCfg = Release|Win32
		{6820BAF3-E95D-4BCE-90E7-17789CCB75C0}.Release|x86.Build.0 = Release|Win32
		{94BD8AF9-AF6E-430A-8BC3-5E3BCC6ECF35}.Debug|x64.ActiveCfg = Debug|x64
		{94BD8AF9-AF6E-430A-8BC3-5E3BCC6ECF35}.Debug|x64.Build.0 = Debug|x64
		{94BD8AF9-AF6E-430A-8BC3-5E3BCC6ECF35}.Debug|x86.ActiveCfg = Debug|Win32
		{94BD8AF9-AF6E-430A-8BC3-5E3BCC6ECF35}.Debug|x86.Build.0 = Debug|Win32
		{94BD8AF9-AF6E-430A-8BC3-5E3BCC6ECF35}.Release|x64.ActiveCfg = Release|x64
		{94BD8AF9-AF6E-430A-8BC3-5E3BCC6ECF35}.Release|x64.Build.0 = Release|x64
		{94BD8AF9-AF6E-430A-8BC3-5E3BCC6ECF35}.Release|x86.ActiveCfg = Release|Win32
		{94BD8AF9-AF6E-430A-8BC3-5E3BCC6ECF35}.Release|x86.Build.0 = Release|Win32
	EndGlobalSection
	GlobalSection(SolutionProperties) = preSolution
		HideSolutionNode = FALSE
	EndGlobalSection
	GlobalSection(ExtensibilityGlobals) = postSolution
		SolutionGuid = {FF110973-639A-43E5-9484-A411A2F89BC6}
	EndGlobalSection
EndGlobal
